
Microsoft Visual Studio Solution File, Format Version 12.00
# Visual Studio Version 17
VisualStudioVersion = 17.0.31903.59
MinimumVisualStudioVersion = 10.0.40219.1
Project("{FAE04EC0-301F-11D3-BF4B-00C04F79EFBC}") = "API", "API\API.csproj", "{567E2639-6DF3-4C61-A4F2-1A5CEF5B10CA}"
EndProject
Global
	GlobalSection(SolutionConfigurationPlatforms) = preSolution
		Debug|Any CPU = Debug|Any CPU
		Release|Any CPU = Release|Any CPU
	EndGlobalSection
	GlobalSection(SolutionProperties) = preSolution
		HideSolutionNode = FALSE
	EndGlobalSection
	GlobalSection(ProjectConfigurationPlatforms) = postSolution
		{567E2639-6DF3-4C61-A4F2-1A5CEF5B10CA}.Debug|Any CPU.ActiveCfg = Debug|Any CPU
		{567E2639-6DF3-4C61-A4F2-1A5CEF5B10CA}.Debug|Any CPU.Build.0 = Debug|Any CPU
		{567E2639-6DF3-4C61-A4F2-1A5CEF5B10CA}.Release|Any CPU.ActiveCfg = Release|Any CPU
		{567E2639-6DF3-4C61-A4F2-1A5CEF5B10CA}.Release|Any CPU.Build.0 = Release|Any CPU
	EndGlobalSection
EndGlobal
